
Microsoft Visual Studio Solution File, Format Version 12.00
# Visual Studio Version 17
VisualStudioVersion = 17.9.34902.65
MinimumVisualStudioVersion = 10.0.40219.1
Project("{2150E333-8FDC-42A3-9474-1A3956D46DE8}") = "SDK", "SDK", "{7DA5CD62-8043-40A8-8454-6BB55DE1025E}"
EndProject
Project("{2150E333-8FDC-42A3-9474-1A3956D46DE8}") = "Documentation", "Documentation", "{40441000-96E4-4959-A98D-4B5523F2DAFC}"
	ProjectSection(SolutionItems) = preProject
		README.md = README.md
	EndProjectSection
EndProject
Project("{2150E333-8FDC-42A3-9474-1A3956D46DE8}") = "Legacy", "Legacy", "{39E11895-BD90-43A6-8256-5152827B4564}"
EndProject
Project("{FAE04EC0-301F-11D3-BF4B-00C04F79EFBC}") = "ClassLibrary_NET8", "ClassLibrary_NET8\ClassLibrary_NET8.csproj", "{EBF77249-59E2-49CE-8492-3424863A11C9}"
EndProject
Project("{FAE04EC0-301F-11D3-BF4B-00C04F79EFBC}") = "ClassLibrary_NET452_SDK", "ClassLibrary_NET452_SDK\ClassLibrary_NET452_SDK.csproj", "{0EA72812-50C1-4368-A958-BE6C6957C2E4}"
EndProject
Global
	GlobalSection(SolutionConfigurationPlatforms) = preSolution
		Debug|Any CPU = Debug|Any CPU
		Release|Any CPU = Release|Any CPU
	EndGlobalSection
	GlobalSection(ProjectConfigurationPlatforms) = postSolution
		{EBF77249-59E2-49CE-8492-3424863A11C9}.Debug|Any CPU.ActiveCfg = Debug|Any CPU
		{EBF77249-59E2-49CE-8492-3424863A11C9}.Debug|Any CPU.Build.0 = Debug|Any CPU
		{EBF77249-59E2-49CE-8492-3424863A11C9}.Release|Any CPU.ActiveCfg = Release|Any CPU
		{EBF77249-59E2-49CE-8492-3424863A11C9}.Release|Any CPU.Build.0 = Release|Any CPU
		{0EA72812-50C1-4368-A958-BE6C6957C2E4}.Debug|Any CPU.ActiveCfg = Debug|Any CPU
		{0EA72812-50C1-4368-A958-BE6C6957C2E4}.Debug|Any CPU.Build.0 = Debug|Any CPU
		{0EA72812-50C1-4368-A958-BE6C6957C2E4}.Release|Any CPU.ActiveCfg = Release|Any CPU
		{0EA72812-50C1-4368-A958-BE6C6957C2E4}.Release|Any CPU.Build.0 = Release|Any CPU
	EndGlobalSection
	GlobalSection(SolutionProperties) = preSolution
		HideSolutionNode = FALSE
	EndGlobalSection
	GlobalSection(NestedProjects) = preSolution
		{EBF77249-59E2-49CE-8492-3424863A11C9} = {7DA5CD62-8043-40A8-8454-6BB55DE1025E}
		{0EA72812-50C1-4368-A958-BE6C6957C2E4} = {7DA5CD62-8043-40A8-8454-6BB55DE1025E}
	EndGlobalSection
	GlobalSection(ExtensibilityGlobals) = postSolution
		SolutionGuid = {247A9815-5221-4E5F-9DEE-09DAE42F6FE1}
	EndGlobalSection
EndGlobal
